// !$*UTF8*$!
{
	archiveVersion = 1;
	classes = {
	};
	objectVersion = 48;
	objects = {

/* Begin PBXBuildFile section */
		873A6FD820033F2700D95917 /* AppDelegate.m in Sources */ = {isa = PBXBuildFile; fileRef = 873A6FD720033F2700D95917 /* AppDelegate.m */; };
		873A6FDB20033F2700D95917 /* ViewController.m in Sources */ = {isa = PBXBuildFile; fileRef = 873A6FDA20033F2700D95917 /* ViewController.m */; };
		873A6FDE20033F2700D95917 /* Main.storyboard in Resources */ = {isa = PBXBuildFile; fileRef = 873A6FDC20033F2700D95917 /* Main.storyboard */; };
		873A6FE020033F2700D95917 /* Assets.xcassets in Resources */ = {isa = PBXBuildFile; fileRef = 873A6FDF20033F2700D95917 /* Assets.xcassets */; };
		873A6FE320033F2700D95917 /* LaunchScreen.storyboard in Resources */ = {isa = PBXBuildFile; fileRef = 873A6FE120033F2700D95917 /* LaunchScreen.storyboard */; };
		873A6FE620033F2700D95917 /* main.m in Sources */ = {isa = PBXBuildFile; fileRef = 873A6FE520033F2700D95917 /* main.m */; };
		874D99C62006E9B700793E99 /* NSDictionary+CJDictionary.m in Sources */ = {isa = PBXBuildFile; fileRef = 874D99B92006E9B700793E99 /* NSDictionary+CJDictionary.m */; };
		874D99C72006E9B700793E99 /* UIImage+CJImage.m in Sources */ = {isa = PBXBuildFile; fileRef = 874D99BA2006E9B700793E99 /* UIImage+CJImage.m */; };
		874D99C82006E9B700793E99 /* UIView+CJView.m in Sources */ = {isa = PBXBuildFile; fileRef = 874D99BC2006E9B700793E99 /* UIView+CJView.m */; };
		874D99C92006E9B700793E99 /* UIButton+CJButton.m in Sources */ = {isa = PBXBuildFile; fileRef = 874D99BD2006E9B700793E99 /* UIButton+CJButton.m */; };
		874D99CA2006E9B700793E99 /* NSObject+CJObject.m in Sources */ = {isa = PBXBuildFile; fileRef = 874D99BF2006E9B700793E99 /* NSObject+CJObject.m */; };
		874D99CB2006E9B700793E99 /* NSString+CJString.m in Sources */ = {isa = PBXBuildFile; fileRef = 874D99C12006E9B700793E99 /* NSString+CJString.m */; };
		874D99CC2006E9B700793E99 /* NSArray+CJArray.m in Sources */ = {isa = PBXBuildFile; fileRef = 874D99C22006E9B700793E99 /* NSArray+CJArray.m */; };
/* End PBXBuildFile section */

/* Begin PBXFileReference section */
		873A6FD320033F2600D95917 /* CJUtilWork.app */ = {isa = PBXFileReference; explicitFileType = wrapper.application; includeInIndex = 0; path = CJUtilWork.app; sourceTree = BUILT_PRODUCTS_DIR; };
		873A6FD620033F2700D95917 /* AppDelegate.h */ = {isa = PBXFileReference; lastKnownFileType = sourcecode.c.h; path = AppDelegate.h; sourceTree = "<group>"; };
		873A6FD720033F2700D95917 /* AppDelegate.m */ = {isa = PBXFileReference; lastKnownFileType = sourcecode.c.objc; path = AppDelegate.m; sourceTree = "<group>"; };
		873A6FD920033F2700D95917 /* ViewController.h */ = {isa = PBXFileReference; lastKnownFileType = sourcecode.c.h; path = ViewController.h; sourceTree = "<group>"; };
		873A6FDA20033F2700D95917 /* ViewController.m */ = {isa = PBXFileReference; lastKnownFileType = sourcecode.c.objc; path = ViewController.m; sourceTree = "<group>"; };
		873A6FDD20033F2700D95917 /* Base */ = {isa = PBXFileReference; lastKnownFileType = file.storyboard; name = Base; path = Base.lproj/Main.storyboard; sourceTree = "<group>"; };
		873A6FDF20033F2700D95917 /* Assets.xcassets */ = {isa = PBXFileReference; lastKnownFileType = folder.assetcatalog; path = Assets.xcassets; sourceTree = "<group>"; };
		873A6FE220033F2700D95917 /* Base */ = {isa = PBXFileReference; lastKnownFileType = file.storyboard; name = Base; path = Base.lproj/LaunchScreen.storyboard; sourceTree = "<group>"; };
		873A6FE420033F2700D95917 /* Info.plist */ = {isa = PBXFileReference; lastKnownFileType = text.plist.xml; path = Info.plist; sourceTree = "<group>"; };
		873A6FE520033F2700D95917 /* main.m */ = {isa = PBXFileReference; lastKnownFileType = sourcecode.c.objc; path = main.m; sourceTree = "<group>"; };
		874D99B62006E9B700793E99 /* CJUtil.h */ = {isa = PBXFileReference; fileEncoding = 4; lastKnownFileType = sourcecode.c.h; path = CJUtil.h; sourceTree = "<group>"; };
		874D99B72006E9B700793E99 /* NSString+CJString.h */ = {isa = PBXFileReference; fileEncoding = 4; lastKnownFileType = sourcecode.c.h; path = "NSString+CJString.h"; sourceTree = "<group>"; };
		874D99B82006E9B700793E99 /* CJMacro.h */ = {isa = PBXFileReference; fileEncoding = 4; lastKnownFileType = sourcecode.c.h; path = CJMacro.h; sourceTree = "<group>"; };
		874D99B92006E9B700793E99 /* NSDictionary+CJDictionary.m */ = {isa = PBXFileReference; fileEncoding = 4; lastKnownFileType = sourcecode.c.objc; path = "NSDictionary+CJDictionary.m"; sourceTree = "<group>"; };
		874D99BA2006E9B700793E99 /* UIImage+CJImage.m */ = {isa = PBXFileReference; fileEncoding = 4; lastKnownFileType = sourcecode.c.objc; path = "UIImage+CJImage.m"; sourceTree = "<group>"; };
		874D99BB2006E9B700793E99 /* UIView+CJView.h */ = {isa = PBXFileReference; fileEncoding = 4; lastKnownFileType = sourcecode.c.h; path = "UIView+CJView.h"; sourceTree = "<group>"; };
		874D99BC2006E9B700793E99 /* UIView+CJView.m */ = {isa = PBXFileReference; fileEncoding = 4; lastKnownFileType = sourcecode.c.objc; path = "UIView+CJView.m"; sourceTree = "<group>"; };
		874D99BD2006E9B700793E99 /* UIButton+CJButton.m */ = {isa = PBXFileReference; fileEncoding = 4; lastKnownFileType = sourcecode.c.objc; path = "UIButton+CJButton.m"; sourceTree = "<group>"; };
		874D99BE2006E9B700793E99 /* NSObject+CJObject.h */ = {isa = PBXFileReference; fileEncoding = 4; lastKnownFileType = sourcecode.c.h; path = "NSObject+CJObject.h"; sourceTree = "<group>"; };
		874D99BF2006E9B700793E99 /* NSObject+CJObject.m */ = {isa = PBXFileReference; fileEncoding = 4; lastKnownFileType = sourcecode.c.objc; path = "NSObject+CJObject.m"; sourceTree = "<group>"; };
		874D99C02006E9B700793E99 /* UIButton+CJButton.h */ = {isa = PBXFileReference; fileEncoding = 4; lastKnownFileType = sourcecode.c.h; path = "UIButton+CJButton.h"; sourceTree = "<group>"; };
		874D99C12006E9B700793E99 /* NSString+CJString.m */ = {isa = PBXFileReference; fileEncoding = 4; lastKnownFileType = sourcecode.c.objc; path = "NSString+CJString.m"; sourceTree = "<group>"; };
		874D99C22006E9B700793E99 /* NSArray+CJArray.m */ = {isa = PBXFileReference; fileEncoding = 4; lastKnownFileType = sourcecode.c.objc; path = "NSArray+CJArray.m"; sourceTree = "<group>"; };
		874D99C32006E9B700793E99 /* NSDictionary+CJDictionary.h */ = {isa = PBXFileReference; fileEncoding = 4; lastKnownFileType = sourcecode.c.h; path = "NSDictionary+CJDictionary.h"; sourceTree = "<group>"; };
		874D99C42006E9B700793E99 /* UIImage+CJImage.h */ = {isa = PBXFileReference; fileEncoding = 4; lastKnownFileType = sourcecode.c.h; path = "UIImage+CJImage.h"; sourceTree = "<group>"; };
		874D99C52006E9B700793E99 /* NSArray+CJArray.h */ = {isa = PBXFileReference; fileEncoding = 4; lastKnownFileType = sourcecode.c.h; path = "NSArray+CJArray.h"; sourceTree = "<group>"; };
/* End PBXFileReference section */

/* Begin PBXFrameworksBuildPhase section */
		873A6FD020033F2600D95917 /* Frameworks */ = {
			isa = PBXFrameworksBuildPhase;
			buildActionMask = 2147483647;
			files = (
			);
			runOnlyForDeploymentPostprocessing = 0;
		};
/* End PBXFrameworksBuildPhase section */

/* Begin PBXGroup section */
		873A6FCA20033F2600D95917 = {
			isa = PBXGroup;
			children = (
				873A6FD520033F2600D95917 /* CJUtilWork */,
				873A6FD420033F2600D95917 /* Products */,
			);
			sourceTree = "<group>";
		};
		873A6FD420033F2600D95917 /* Products */ = {
			isa = PBXGroup;
			children = (
				873A6FD320033F2600D95917 /* CJUtilWork.app */,
			);
			name = Products;
			sourceTree = "<group>";
		};
		873A6FD520033F2600D95917 /* CJUtilWork */ = {
			isa = PBXGroup;
			children = (
				873A6FEC2003401A00D95917 /* Data */,
				873A6FD620033F2700D95917 /* AppDelegate.h */,
				873A6FD720033F2700D95917 /* AppDelegate.m */,
				873A6FD920033F2700D95917 /* ViewController.h */,
				873A6FDA20033F2700D95917 /* ViewController.m */,
				873A6FDC20033F2700D95917 /* Main.storyboard */,
				873A6FDF20033F2700D95917 /* Assets.xcassets */,
				873A6FE120033F2700D95917 /* LaunchScreen.storyboard */,
				873A6FE420033F2700D95917 /* Info.plist */,
				873A6FE520033F2700D95917 /* main.m */,
			);
			path = CJUtilWork;
			sourceTree = "<group>";
		};
		873A6FEC2003401A00D95917 /* Data */ = {
			isa = PBXGroup;
			children = (
				874D99B82006E9B700793E99 /* CJMacro.h */,
				874D99B62006E9B700793E99 /* CJUtil.h */,
				874D99C52006E9B700793E99 /* NSArray+CJArray.h */,
				874D99C22006E9B700793E99 /* NSArray+CJArray.m */,
				874D99C32006E9B700793E99 /* NSDictionary+CJDictionary.h */,
				874D99B92006E9B700793E99 /* NSDictionary+CJDictionary.m */,
				874D99BE2006E9B700793E99 /* NSObject+CJObject.h */,
				874D99BF2006E9B700793E99 /* NSObject+CJObject.m */,
				874D99B72006E9B700793E99 /* NSString+CJString.h */,
				874D99C12006E9B700793E99 /* NSString+CJString.m */,
				874D99C02006E9B700793E99 /* UIButton+CJButton.h */,
				874D99BD2006E9B700793E99 /* UIButton+CJButton.m */,
				874D99C42006E9B700793E99 /* UIImage+CJImage.h */,
				874D99BA2006E9B700793E99 /* UIImage+CJImage.m */,
				874D99BB2006E9B700793E99 /* UIView+CJView.h */,
				874D99BC2006E9B700793E99 /* UIView+CJView.m */,
			);
			path = Data;
			sourceTree = "<group>";
		};
/* End PBXGroup section */

/* Begin PBXNativeTarget section */
		873A6FD220033F2600D95917 /* CJUtilWork */ = {
			isa = PBXNativeTarget;
			buildConfigurationList = 873A6FE920033F2700D95917 /* Build configuration list for PBXNativeTarget "CJUtilWork" */;
			buildPhases = (
				873A6FCF20033F2600D95917 /* Sources */,
				873A6FD020033F2600D95917 /* Frameworks */,
				873A6FD120033F2600D95917 /* Resources */,
			);
			buildRules = (
			);
			dependencies = (
			);
			name = CJUtilWork;
			productName = CJUtilWork;
			productReference = 873A6FD320033F2600D95917 /* CJUtilWork.app */;
			productType = "com.apple.product-type.application";
		};
/* End PBXNativeTarget section */

/* Begin PBXProject section */
		873A6FCB20033F2600D95917 /* Project object */ = {
			isa = PBXProject;
			attributes = {
				LastUpgradeCheck = 0920;
				ORGANIZATIONNAME = "陈敬";
				TargetAttributes = {
					873A6FD220033F2600D95917 = {
						CreatedOnToolsVersion = 9.2;
						ProvisioningStyle = Automatic;
					};
				};
			};
			buildConfigurationList = 873A6FCE20033F2600D95917 /* Build configuration list for PBXProject "CJUtilWork" */;
			compatibilityVersion = "Xcode 8.0";
			developmentRegion = en;
			hasScannedForEncodings = 0;
			knownRegions = (
				en,
				Base,
			);
			mainGroup = 873A6FCA20033F2600D95917;
			productRefGroup = 873A6FD420033F2600D95917 /* Products */;
			projectDirPath = "";
			projectRoot = "";
			targets = (
				873A6FD220033F2600D95917 /* CJUtilWork */,
			);
		};
/* End PBXProject section */

/* Begin PBXResourcesBuildPhase section */
		873A6FD120033F2600D95917 /* Resources */ = {
			isa = PBXResourcesBuildPhase;
			buildActionMask = 2147483647;
			files = (
				873A6FE320033F2700D95917 /* LaunchScreen.storyboard in Resources */,
				873A6FE020033F2700D95917 /* Assets.xcassets in Resources */,
				873A6FDE20033F2700D95917 /* Main.storyboard in Resources */,
			);
			runOnlyForDeploymentPostprocessing = 0;
		};
/* End PBXResourcesBuildPhase section */

/* Begin PBXSourcesBuildPhase section */
		873A6FCF20033F2600D95917 /* Sources */ = {
			isa = PBXSourcesBuildPhase;
			buildActionMask = 2147483647;
			files = (
				873A6FDB20033F2700D95917 /* ViewController.m in Sources */,
				873A6FE620033F2700D95917 /* main.m in Sources */,
				874D99C82006E9B700793E99 /* UIView+CJView.m in Sources */,
				874D99CC2006E9B700793E99 /* NSArray+CJArray.m in Sources */,
				874D99C92006E9B700793E99 /* UIButton+CJButton.m in Sources */,
				873A6FD820033F2700D95917 /* AppDelegate.m in Sources */,
				874D99CB2006E9B700793E99 /* NSString+CJString.m in Sources */,
				874D99CA2006E9B700793E99 /* NSObject+CJObject.m in Sources */,
				874D99C72006E9B700793E99 /* UIImage+CJImage.m in Sources */,
				874D99C62006E9B700793E99 /* NSDictionary+CJDictionary.m in Sources */,
			);
			runOnlyForDeploymentPostprocessing = 0;
		};
/* End PBXSourcesBuildPhase section */

/* Begin PBXVariantGroup section */
		873A6FDC20033F2700D95917 /* Main.storyboard */ = {
			isa = PBXVariantGroup;
			children = (
				873A6FDD20033F2700D95917 /* Base */,
			);
			name = Main.storyboard;
			sourceTree = "<group>";
		};
		873A6FE120033F2700D95917 /* LaunchScreen.storyboard */ = {
			isa = PBXVariantGroup;
			children = (
				873A6FE220033F2700D95917 /* Base */,
			);
			name = LaunchScreen.storyboard;
			sourceTree = "<group>";
		};
/* End PBXVariantGroup section */

/* Begin XCBuildConfiguration section */
		873A6FE720033F2700D95917 /* Debug */ = {
			isa = XCBuildConfiguration;
			buildSettings = {
				ALWAYS_SEARCH_USER_PATHS = NO;
				CLANG_ANALYZER_NONNULL = YES;
				CLANG_ANALYZER_NUMBER_OBJECT_CONVERSION = YES_AGGRESSIVE;
				CLANG_CXX_LANGUAGE_STANDARD = "gnu++14";
				CLANG_CXX_LIBRARY = "libc++";
				CLANG_ENABLE_MODULES = YES;
				CLANG_ENABLE_OBJC_ARC = YES;
				CLANG_WARN_BLOCK_CAPTURE_AUTORELEASING = YES;
				CLANG_WARN_BOOL_CONVERSION = YES;
				CLANG_WARN_COMMA = YES;
				CLANG_WARN_CONSTANT_CONVERSION = YES;
				CLANG_WARN_DIRECT_OBJC_ISA_USAGE = YES_ERROR;
				CLANG_WARN_DOCUMENTATION_COMMENTS = YES;
				CLANG_WARN_EMPTY_BODY = YES;
				CLANG_WARN_ENUM_CONVERSION = YES;
				CLANG_WARN_INFINITE_RECURSION = YES;
				CLANG_WARN_INT_CONVERSION = YES;
				CLANG_WARN_NON_LITERAL_NULL_CONVERSION = YES;
				CLANG_WARN_OBJC_LITERAL_CONVERSION = YES;
				CLANG_WARN_OBJC_ROOT_CLASS = YES_ERROR;
				CLANG_WARN_RANGE_LOOP_ANALYSIS = YES;
				CLANG_WARN_STRICT_PROTOTYPES = YES;
				CLANG_WARN_SUSPICIOUS_MOVE = YES;
				CLANG_WARN_UNGUARDED_AVAILABILITY = YES_AGGRESSIVE;
				CLANG_WARN_UNREACHABLE_CODE = YES;
				CLANG_WARN__DUPLICATE_METHOD_MATCH = YES;
				CODE_SIGN_IDENTITY = "iPhone Developer";
				COPY_PHASE_STRIP = NO;
				DEBUG_INFORMATION_FORMAT = dwarf;
				ENABLE_STRICT_OBJC_MSGSEND = YES;
				ENABLE_TESTABILITY = YES;
				GCC_C_LANGUAGE_STANDARD = gnu11;
				GCC_DYNAMIC_NO_PIC = NO;
				GCC_NO_COMMON_BLOCKS = YES;
				GCC_OPTIMIZATION_LEVEL = 0;
				GCC_PREPROCESSOR_DEFINITIONS = (
					"DEBUG=1",
					"$(inherited)",
				);
				GCC_WARN_64_TO_32_BIT_CONVERSION = YES;
				GCC_WARN_ABOUT_RETURN_TYPE = YES_ERROR;
				GCC_WARN_UNDECLARED_SELECTOR = YES;
				GCC_WARN_UNINITIALIZED_AUTOS = YES_AGGRESSIVE;
				GCC_WARN_UNUSED_FUNCTION = YES;
				GCC_WARN_UNUSED_VARIABLE = YES;
				IPHONEOS_DEPLOYMENT_TARGET = 11.2;
				MTL_ENABLE_DEBUG_INFO = YES;
				ONLY_ACTIVE_ARCH = YES;
				SDKROOT = iphoneos;
			};
			name = Debug;
		};
		873A6FE820033F2700D95917 /* Release */ = {
			isa = XCBuildConfiguration;
			buildSettings = {
				ALWAYS_SEARCH_USER_PATHS = NO;
				CLANG_ANALYZER_NONNULL = YES;
				CLANG_ANALYZER_NUMBER_OBJECT_CONVERSION = YES_AGGRESSIVE;
				CLANG_CXX_LANGUAGE_STANDARD = "gnu++14";
				CLANG_CXX_LIBRARY = "libc++";
				CLANG_ENABLE_MODULES = YES;
				CLANG_ENABLE_OBJC_ARC = YES;
				CLANG_WARN_BLOCK_CAPTURE_AUTORELEASING = YES;
				CLANG_WARN_BOOL_CONVERSION = YES;
				CLANG_WARN_COMMA = YES;
				CLANG_WARN_CONSTANT_CONVERSION = YES;
				CLANG_WARN_DIRECT_OBJC_ISA_USAGE = YES_ERROR;
				CLANG_WARN_DOCUMENTATION_COMMENTS = YES;
				CLANG_WARN_EMPTY_BODY = YES;
				CLANG_WARN_ENUM_CONVERSION = YES;
				CLANG_WARN_INFINITE_RECURSION = YES;
				CLANG_WARN_INT_CONVERSION = YES;
				CLANG_WARN_NON_LITERAL_NULL_CONVERSION = YES;
				CLANG_WARN_OBJC_LITERAL_CONVERSION = YES;
				CLANG_WARN_OBJC_ROOT_CLASS = YES_ERROR;
				CLANG_WARN_RANGE_LOOP_ANALYSIS = YES;
				CLANG_WARN_STRICT_PROTOTYPES = YES;
				CLANG_WARN_SUSPICIOUS_MOVE = YES;
				CLANG_WARN_UNGUARDED_AVAILABILITY = YES_AGGRESSIVE;
				CLANG_WARN_UNREACHABLE_CODE = YES;
				CLANG_WARN__DUPLICATE_METHOD_MATCH = YES;
				CODE_SIGN_IDENTITY = "iPhone Developer";
				COPY_PHASE_STRIP = NO;
				DEBUG_INFORMATION_FORMAT = "dwarf-with-dsym";
				ENABLE_NS_ASSERTIONS = NO;
				ENABLE_STRICT_OBJC_MSGSEND = YES;
				GCC_C_LANGUAGE_STANDARD = gnu11;
				GCC_NO_COMMON_BLOCKS = YES;
				GCC_WARN_64_TO_32_BIT_CONVERSION = YES;
				GCC_WARN_ABOUT_RETURN_TYPE = YES_ERROR;
				GCC_WARN_UNDECLARED_SELECTOR = YES;
				GCC_WARN_UNINITIALIZED_AUTOS = YES_AGGRESSIVE;
				GCC_WARN_UNUSED_FUNCTION = YES;
				GCC_WARN_UNUSED_VARIABLE = YES;
				IPHONEOS_DEPLOYMENT_TARGET = 11.2;
				MTL_ENABLE_DEBUG_INFO = NO;
				SDKROOT = iphoneos;
				VALIDATE_PRODUCT = YES;
			};
			name = Release;
		};
		873A6FEA20033F2700D95917 /* Debug */ = {
			isa = XCBuildConfiguration;
			buildSettings = {
				ASSETCATALOG_COMPILER_APPICON_NAME = AppIcon;
				CODE_SIGN_STYLE = Automatic;
				DEVELOPMENT_TEAM = 7BYWNXT9F3;
				INFOPLIST_FILE = CJUtilWork/Info.plist;
				IPHONEOS_DEPLOYMENT_TARGET = 8.0;
				LD_RUNPATH_SEARCH_PATHS = "$(inherited) @executable_path/Frameworks";
				PRODUCT_BUNDLE_IDENTIFIER = com.cj.CJUtilWork;
				PRODUCT_NAME = "$(TARGET_NAME)";
				TARGETED_DEVICE_FAMILY = 1;
			};
			name = Debug;
		};
		873A6FEB20033F2700D95917 /* Release */ = {
			isa = XCBuildConfiguration;
			buildSettings = {
				ASSETCATALOG_COMPILER_APPICON_NAME = AppIcon;
				CODE_SIGN_STYLE = Automatic;
				DEVELOPMENT_TEAM = 7BYWNXT9F3;
				INFOPLIST_FILE = CJUtilWork/Info.plist;
				IPHONEOS_DEPLOYMENT_TARGET = 8.0;
				LD_RUNPATH_SEARCH_PATHS = "$(inherited) @executable_path/Frameworks";
				PRODUCT_BUNDLE_IDENTIFIER = com.cj.CJUtilWork;
				PRODUCT_NAME = "$(TARGET_NAME)";
				TARGETED_DEVICE_FAMILY = 1;
			};
			name = Release;
		};
/* End XCBuildConfiguration section */

/* Begin XCConfigurationList section */
		873A6FCE20033F2600D95917 /* Build configuration list for PBXProject "CJUtilWork" */ = {
			isa = XCConfigurationList;
			buildConfigurations = (
				873A6FE720033F2700D95917 /* Debug */,
				873A6FE820033F2700D95917 /* Release */,
			);
			defaultConfigurationIsVisible = 0;
			defaultConfigurationName = Release;
		};
		873A6FE920033F2700D95917 /* Build configuration list for PBXNativeTarget "CJUtilWork" */ = {
			isa = XCConfigurationList;
			buildConfigurations = (
				873A6FEA20033F2700D95917 /* Debug */,
				873A6FEB20033F2700D95917 /* Release */,
			);
			defaultConfigurationIsVisible = 0;
			defaultConfigurationName = Release;
		};
/* End XCConfigurationList section */
	};
	rootObject = 873A6FCB20033F2600D95917 /* Project object */;
}
